// !$*UTF8*$!
{
	archiveVersion = 1;
	classes = {
	};
	objectVersion = 46;
	objects = {

/* Begin PBXBuildFile section */
		807DE20E1F4A7C60001190A8 /* Reachability.m in Sources */ = {isa = PBXBuildFile; fileRef = 807DE2071F4A7C60001190A8 /* Reachability.m */; };
		807DE20F1F4A7C60001190A8 /* DataBaseModel.m in Sources */ = {isa = PBXBuildFile; fileRef = 807DE2091F4A7C60001190A8 /* DataBaseModel.m */; };
		807DE2101F4A7C60001190A8 /* DataBaseHandle.m in Sources */ = {isa = PBXBuildFile; fileRef = 807DE20B1F4A7C60001190A8 /* DataBaseHandle.m */; };
		807DE2111F4A7C60001190A8 /* RNKitSensor.m in Sources */ = {isa = PBXBuildFile; fileRef = 807DE20D1F4A7C60001190A8 /* RNKitSensor.m */; };
/* End PBXBuildFile section */

/* Begin PBXCopyFilesBuildPhase section */
		807DE1F81F4A7BF5001190A8 /* CopyFiles */ = {
			isa = PBXCopyFilesBuildPhase;
			buildActionMask = 2147483647;
			dstPath = "include/$(PRODUCT_NAME)";
			dstSubfolderSpec = 16;
			files = (
			);
			runOnlyForDeploymentPostprocessing = 0;
		};
/* End PBXCopyFilesBuildPhase section */

/* Begin PBXFileReference section */
		807DE1FA1F4A7BF5001190A8 /* libRNKitSensor.a */ = {isa = PBXFileReference; explicitFileType = archive.ar; includeInIndex = 0; path = libRNKitSensor.a; sourceTree = BUILT_PRODUCTS_DIR; };
		807DE2061F4A7C60001190A8 /* Reachability.h */ = {isa = PBXFileReference; fileEncoding = 4; lastKnownFileType = sourcecode.c.h; path = Reachability.h; sourceTree = "<group>"; };
		807DE2071F4A7C60001190A8 /* Reachability.m */ = {isa = PBXFileReference; fileEncoding = 4; lastKnownFileType = sourcecode.c.objc; path = Reachability.m; sourceTree = "<group>"; };
		807DE2081F4A7C60001190A8 /* DataBaseModel.h */ = {isa = PBXFileReference; fileEncoding = 4; lastKnownFileType = sourcecode.c.h; path = DataBaseModel.h; sourceTree = "<group>"; };
		807DE2091F4A7C60001190A8 /* DataBaseModel.m */ = {isa = PBXFileReference; fileEncoding = 4; lastKnownFileType = sourcecode.c.objc; path = DataBaseModel.m; sourceTree = "<group>"; };
		807DE20A1F4A7C60001190A8 /* DataBaseHandle.h */ = {isa = PBXFileReference; fileEncoding = 4; lastKnownFileType = sourcecode.c.h; path = DataBaseHandle.h; sourceTree = "<group>"; };
		807DE20B1F4A7C60001190A8 /* DataBaseHandle.m */ = {isa = PBXFileReference; fileEncoding = 4; lastKnownFileType = sourcecode.c.objc; path = DataBaseHandle.m; sourceTree = "<group>"; };
		807DE20C1F4A7C60001190A8 /* RNKitSensor.h */ = {isa = PBXFileReference; fileEncoding = 4; lastKnownFileType = sourcecode.c.h; path = RNKitSensor.h; sourceTree = "<group>"; };
		807DE20D1F4A7C60001190A8 /* RNKitSensor.m */ = {isa = PBXFileReference; fileEncoding = 4; lastKnownFileType = sourcecode.c.objc; path = RNKitSensor.m; sourceTree = "<group>"; };
/* End PBXFileReference section */

/* Begin PBXFrameworksBuildPhase section */
		807DE1F71F4A7BF5001190A8 /* Frameworks */ = {
			isa = PBXFrameworksBuildPhase;
			buildActionMask = 2147483647;
			files = (
			);
			runOnlyForDeploymentPostprocessing = 0;
		};
/* End PBXFrameworksBuildPhase section */

/* Begin PBXGroup section */
		807DE1F11F4A7BF5001190A8 = {
			isa = PBXGroup;
			children = (
				807DE2061F4A7C60001190A8 /* Reachability.h */,
				807DE2071F4A7C60001190A8 /* Reachability.m */,
				807DE2081F4A7C60001190A8 /* DataBaseModel.h */,
				807DE2091F4A7C60001190A8 /* DataBaseModel.m */,
				807DE20A1F4A7C60001190A8 /* DataBaseHandle.h */,
				807DE20B1F4A7C60001190A8 /* DataBaseHandle.m */,
				807DE20C1F4A7C60001190A8 /* RNKitSensor.h */,
				807DE20D1F4A7C60001190A8 /* RNKitSensor.m */,
				807DE1FB1F4A7BF5001190A8 /* Products */,
			);
			sourceTree = "<group>";
		};
		807DE1FB1F4A7BF5001190A8 /* Products */ = {
			isa = PBXGroup;
			children = (
				807DE1FA1F4A7BF5001190A8 /* libRNKitSensor.a */,
			);
			name = Products;
			sourceTree = "<group>";
		};
/* End PBXGroup section */

/* Begin PBXNativeTarget section */
		807DE1F91F4A7BF5001190A8 /* RNKitSensor */ = {
			isa = PBXNativeTarget;
			buildConfigurationList = 807DE2031F4A7BF5001190A8 /* Build configuration list for PBXNativeTarget "RNKitSensor" */;
			buildPhases = (
				807DE1F61F4A7BF5001190A8 /* Sources */,
				807DE1F71F4A7BF5001190A8 /* Frameworks */,
				807DE1F81F4A7BF5001190A8 /* CopyFiles */,
			);
			buildRules = (
			);
			dependencies = (
			);
			name = RNKitSensor;
			productName = RNKitSensor;
			productReference = 807DE1FA1F4A7BF5001190A8 /* libRNKitSensor.a */;
			productType = "com.apple.product-type.library.static";
		};
/* End PBXNativeTarget section */

/* Begin PBXProject section */
		807DE1F21F4A7BF5001190A8 /* Project object */ = {
			isa = PBXProject;
			attributes = {
				LastUpgradeCheck = 0830;
				ORGANIZATIONNAME = SnowYang;
				TargetAttributes = {
					807DE1F91F4A7BF5001190A8 = {
						CreatedOnToolsVersion = 8.3.3;
						ProvisioningStyle = Automatic;
					};
				};
			};
			buildConfigurationList = 807DE1F51F4A7BF5001190A8 /* Build configuration list for PBXProject "RNKitSensor" */;
			compatibilityVersion = "Xcode 3.2";
			developmentRegion = English;
			hasScannedForEncodings = 0;
			knownRegions = (
				en,
			);
			mainGroup = 807DE1F11F4A7BF5001190A8;
			productRefGroup = 807DE1FB1F4A7BF5001190A8 /* Products */;
			projectDirPath = "";
			projectRoot = "";
			targets = (
				807DE1F91F4A7BF5001190A8 /* RNKitSensor */,
			);
		};
/* End PBXProject section */

/* Begin PBXSourcesBuildPhase section */
		807DE1F61F4A7BF5001190A8 /* Sources */ = {
			isa = PBXSourcesBuildPhase;
			buildActionMask = 2147483647;
			files = (
				807DE2101F4A7C60001190A8 /* DataBaseHandle.m in Sources */,
				807DE20F1F4A7C60001190A8 /* DataBaseModel.m in Sources */,
				807DE2111F4A7C60001190A8 /* RNKitSensor.m in Sources */,
				807DE20E1F4A7C60001190A8 /* Reachability.m in Sources */,
			);
			runOnlyForDeploymentPostprocessing = 0;
		};
/* End PBXSourcesBuildPhase section */

/* Begin XCBuildConfiguration section */
		807DE2011F4A7BF5001190A8 /* Debug */ = {
			isa = XCBuildConfiguration;
			buildSettings = {
				ALWAYS_SEARCH_USER_PATHS = NO;
				CLANG_ANALYZER_NONNULL = YES;
				CLANG_ANALYZER_NUMBER_OBJECT_CONVERSION = YES_AGGRESSIVE;
				CLANG_CXX_LANGUAGE_STANDARD = "gnu++0x";
				CLANG_CXX_LIBRARY = "libc++";
				CLANG_ENABLE_MODULES = YES;
				CLANG_ENABLE_OBJC_ARC = YES;
				CLANG_WARN_BOOL_CONVERSION = YES;
				CLANG_WARN_CONSTANT_CONVERSION = YES;
				CLANG_WARN_DIRECT_OBJC_ISA_USAGE = YES_ERROR;
				CLANG_WARN_DOCUMENTATION_COMMENTS = YES;
				CLANG_WARN_EMPTY_BODY = YES;
				CLANG_WARN_ENUM_CONVERSION = YES;
				CLANG_WARN_INFINITE_RECURSION = YES;
				CLANG_WARN_INT_CONVERSION = YES;
				CLANG_WARN_OBJC_ROOT_CLASS = YES_ERROR;
				CLANG_WARN_SUSPICIOUS_MOVE = YES;
				CLANG_WARN_UNREACHABLE_CODE = YES;
				CLANG_WARN__DUPLICATE_METHOD_MATCH = YES;
				"CODE_SIGN_IDENTITY[sdk=iphoneos*]" = "iPhone Developer";
				COPY_PHASE_STRIP = NO;
				DEBUG_INFORMATION_FORMAT = dwarf;
				ENABLE_STRICT_OBJC_MSGSEND = YES;
				ENABLE_TESTABILITY = YES;
				GCC_C_LANGUAGE_STANDARD = gnu99;
				GCC_DYNAMIC_NO_PIC = NO;
				GCC_NO_COMMON_BLOCKS = YES;
				GCC_OPTIMIZATION_LEVEL = 0;
				GCC_PREPROCESSOR_DEFINITIONS = (
					"DEBUG=1",
					"$(inherited)",
				);
				GCC_WARN_64_TO_32_BIT_CONVERSION = YES;
				GCC_WARN_ABOUT_RETURN_TYPE = YES_ERROR;
				GCC_WARN_UNDECLARED_SELECTOR = YES;
				GCC_WARN_UNINITIALIZED_AUTOS = YES_AGGRESSIVE;
				GCC_WARN_UNUSED_FUNCTION = YES;
				GCC_WARN_UNUSED_VARIABLE = YES;
				IPHONEOS_DEPLOYMENT_TARGET = 10.3;
				MTL_ENABLE_DEBUG_INFO = YES;
				ONLY_ACTIVE_ARCH = YES;
				SDKROOT = iphoneos;
			};
			name = Debug;
		};
		807DE2021F4A7BF5001190A8 /* Release */ = {
			isa = XCBuildConfiguration;
			buildSettings = {
				ALWAYS_SEARCH_USER_PATHS = NO;
				CLANG_ANALYZER_NONNULL = YES;
				CLANG_ANALYZER_NUMBER_OBJECT_CONVERSION = YES_AGGRESSIVE;
				CLANG_CXX_LANGUAGE_STANDARD = "gnu++0x";
				CLANG_CXX_LIBRARY = "libc++";
				CLANG_ENABLE_MODULES = YES;
				CLANG_ENABLE_OBJC_ARC = YES;
				CLANG_WARN_BOOL_CONVERSION = YES;
				CLANG_WARN_CONSTANT_CONVERSION = YES;
				CLANG_WARN_DIRECT_OBJC_ISA_USAGE = YES_ERROR;
				CLANG_WARN_DOCUMENTATION_COMMENTS = YES;
				CLANG_WARN_EMPTY_BODY = YES;
				CLANG_WARN_ENUM_CONVERSION = YES;
				CLANG_WARN_INFINITE_RECURSION = YES;
				CLANG_WARN_INT_CONVERSION = YES;
				CLANG_WARN_OBJC_ROOT_CLASS = YES_ERROR;
				CLANG_WARN_SUSPICIOUS_MOVE = YES;
				CLANG_WARN_UNREACHABLE_CODE = YES;
				CLANG_WARN__DUPLICATE_METHOD_MATCH = YES;
				"CODE_SIGN_IDENTITY[sdk=iphoneos*]" = "iPhone Developer";
				COPY_PHASE_STRIP = NO;
				DEBUG_INFORMATION_FORMAT = "dwarf-with-dsym";
				ENABLE_NS_ASSERTIONS = NO;
				ENABLE_STRICT_OBJC_MSGSEND = YES;
				GCC_C_LANGUAGE_STANDARD = gnu99;
				GCC_NO_COMMON_BLOCKS = YES;
				GCC_WARN_64_TO_32_BIT_CONVERSION = YES;
				GCC_WARN_ABOUT_RETURN_TYPE = YES_ERROR;
				GCC_WARN_UNDECLARED_SELECTOR = YES;
				GCC_WARN_UNINITIALIZED_AUTOS = YES_AGGRESSIVE;
				GCC_WARN_UNUSED_FUNCTION = YES;
				GCC_WARN_UNUSED_VARIABLE = YES;
				IPHONEOS_DEPLOYMENT_TARGET = 10.3;
				MTL_ENABLE_DEBUG_INFO = NO;
				SDKROOT = iphoneos;
				VALIDATE_PRODUCT = YES;
			};
			name = Release;
		};
		807DE2041F4A7BF5001190A8 /* Debug */ = {
			isa = XCBuildConfiguration;
			buildSettings = {
				HEADER_SEARCH_PATHS = "$(SRCROOT)/../../react-native/React/**";
				OTHER_LDFLAGS = "-ObjC";
				PRODUCT_NAME = "$(TARGET_NAME)";
				SKIP_INSTALL = YES;
			};
			name = Debug;
		};
		807DE2051F4A7BF5001190A8 /* Release */ = {
			isa = XCBuildConfiguration;
			buildSettings = {
				HEADER_SEARCH_PATHS = "$(SRCROOT)/../../react-native/React/**";
				OTHER_LDFLAGS = "-ObjC";
				PRODUCT_NAME = "$(TARGET_NAME)";
				SKIP_INSTALL = YES;
			};
			name = Release;
		};
/* End XCBuildConfiguration section */

/* Begin XCConfigurationList section */
		807DE1F51F4A7BF5001190A8 /* Build configuration list for PBXProject "RNKitSensor" */ = {
			isa = XCConfigurationList;
			buildConfigurations = (
				807DE2011F4A7BF5001190A8 /* Debug */,
				807DE2021F4A7BF5001190A8 /* Release */,
			);
			defaultConfigurationIsVisible = 0;
			defaultConfigurationName = Release;
		};
		807DE2031F4A7BF5001190A8 /* Build configuration list for PBXNativeTarget "RNKitSensor" */ = {
			isa = XCConfigurationList;
			buildConfigurations = (
				807DE2041F4A7BF5001190A8 /* Debug */,
				807DE2051F4A7BF5001190A8 /* Release */,
			);
			defaultConfigurationIsVisible = 0;
			defaultConfigurationName = Release;
		};
/* End XCConfigurationList section */
	};
	rootObject = 807DE1F21F4A7BF5001190A8 /* Project object */;
}
